
Microsoft Visual Studio Solution File, Format Version 12.00
# Visual Studio Version 16
VisualStudioVersion = 16.0.30611.23
MinimumVisualStudioVersion = 10.0.40219.1
Project("{8BC9CEB8-8B4A-11D0-8D11-00A0C91BC942}") = "Project1", "Project1\Project1.vcxproj", "{57F9F248-3031-4E69-B4BA-9C33762DF331}"
EndProject
Global
	GlobalSection(SolutionConfigurationPlatforms) = preSolution
		Debug|x64 = Debug|x64
		Debug|x86 = Debug|x86
		Release|x64 = Release|x64
		Release|x86 = Release|x86
	EndGlobalSection
	GlobalSection(ProjectConfigurationPlatforms) = postSolution
		{57F9F248-3031-4E69-B4BA-9C33762DF331}.Debug|x64.ActiveCfg = Debug|x64
		{57F9F248-3031-4E69-B4BA-9C33762DF331}.Debug|x64.Build.0 = Debug|x64
		{57F9F248-3031-4E69-B4BA-9C33762DF331}.Debug|x86.ActiveCfg = Debug|Win32
		{57F9F248-3031-4E69-B4BA-9C33762DF331}.Debug|x86.Build.0 = Debug|Win32
		{57F9F248-3031-4E69-B4BA-9C33762DF331}.Release|x64.ActiveCfg = Release|x64
		{57F9F248-3031-4E69-B4BA-9C33762DF331}.Release|x64.Build.0 = Release|x64
		{57F9F248-3031-4E69-B4BA-9C33762DF331}.Release|x86.ActiveCfg = Release|Win32
		{57F9F248-3031-4E69-B4BA-9C33762DF331}.Release|x86.Build.0 = Release|Win32
	EndGlobalSection
	GlobalSection(SolutionProperties) = preSolution
		HideSolutionNode = FALSE
	EndGlobalSection
	GlobalSection(ExtensibilityGlobals) = postSolution
		SolutionGuid = {05E15E8F-C1BE-4DE2-BECD-77FC4CB7D64E}
	EndGlobalSection
EndGlobal
